
Microsoft Visual Studio Solution File, Format Version 12.00
# Visual Studio 15
VisualStudioVersion = 15.0.28010.0
MinimumVisualStudioVersion = 10.0.40219.1
Project("{9A19103F-16F7-4668-BE54-9A1E7A4F7556}") = "dungeons-and-dragons-app", "dungeons-and-dragons-app\dungeons-and-dragons-app.csproj", "{77214C43-61E4-44A3-9489-892A8EB0B08F}"
EndProject
Project("{9A19103F-16F7-4668-BE54-9A1E7A4F7556}") = "DiceTest", "UnitTestProject3\DiceTest.csproj", "{3DE2AB62-9B48-470C-AE1E-D2EB6D60AD88}"
EndProject
Global
	GlobalSection(SolutionConfigurationPlatforms) = preSolution
		Debug|Any CPU = Debug|Any CPU
		Release|Any CPU = Release|Any CPU
	EndGlobalSection
	GlobalSection(ProjectConfigurationPlatforms) = postSolution
		{77214C43-61E4-44A3-9489-892A8EB0B08F}.Debug|Any CPU.ActiveCfg = Debug|Any CPU
		{77214C43-61E4-44A3-9489-892A8EB0B08F}.Debug|Any CPU.Build.0 = Debug|Any CPU
		{77214C43-61E4-44A3-9489-892A8EB0B08F}.Release|Any CPU.ActiveCfg = Release|Any CPU
		{77214C43-61E4-44A3-9489-892A8EB0B08F}.Release|Any CPU.Build.0 = Release|Any CPU
		{3DE2AB62-9B48-470C-AE1E-D2EB6D60AD88}.Debug|Any CPU.ActiveCfg = Debug|Any CPU
		{3DE2AB62-9B48-470C-AE1E-D2EB6D60AD88}.Debug|Any CPU.Build.0 = Debug|Any CPU
		{3DE2AB62-9B48-470C-AE1E-D2EB6D60AD88}.Release|Any CPU.ActiveCfg = Release|Any CPU
		{3DE2AB62-9B48-470C-AE1E-D2EB6D60AD88}.Release|Any CPU.Build.0 = Release|Any CPU
	EndGlobalSection
	GlobalSection(SolutionProperties) = preSolution
		HideSolutionNode = FALSE
	EndGlobalSection
	GlobalSection(ExtensibilityGlobals) = postSolution
		SolutionGuid = {4A3C7A0E-C6D4-4762-9ABE-34BF280D8349}
	EndGlobalSection
EndGlobal
